#MicroXplorer Configuration settings - do not modify
ADC1.Channel-0\#ChannelRegularConversion=ADC_CHANNEL_2
ADC1.IPParameters=Rank-0\#ChannelRegularConversion,master,Channel-0\#ChannelRegularConversion,SamplingTime-0\#ChannelRegularConversion,NbrOfConversionFlag
ADC1.NbrOfConversionFlag=1
ADC1.Rank-0\#ChannelRegularConversion=1
ADC1.SamplingTime-0\#ChannelRegularConversion=ADC_SAMPLETIME_480CYCLES
ADC1.master=1
CAD.formats=
CAD.pinconfig=
CAD.provider=
Dma.Request0=USART3_TX
Dma.Request1=USART3_RX
Dma.Request2=USART2_RX
Dma.Request3=USART2_TX
Dma.Request4=UART5_RX
Dma.Request5=UART5_TX
Dma.Request6=UART4_RX
Dma.RequestsNb=7
Dma.UART4_RX.6.Direction=DMA_PERIPH_TO_MEMORY
Dma.UART4_RX.6.FIFOMode=DMA_FIFOMODE_DISABLE
Dma.UART4_RX.6.Instance=DMA1_Stream2
Dma.UART4_RX.6.MemDataAlignment=DMA_MDATAALIGN_BYTE
Dma.UART4_RX.6.MemInc=DMA_MINC_ENABLE
Dma.UART4_RX.6.Mode=DMA_NORMAL
Dma.UART4_RX.6.PeriphDataAlignment=DMA_PDATAALIGN_BYTE
Dma.UART4_RX.6.PeriphInc=DMA_PINC_DISABLE
Dma.UART4_RX.6.Priority=DMA_PRIORITY_LOW
Dma.UART4_RX.6.RequestParameters=Instance,Direction,PeriphInc,MemInc,PeriphDataAlignment,MemDataAlignment,Mode,Priority,FIFOMode
Dma.UART5_RX.4.Direction=DMA_PERIPH_TO_MEMORY
Dma.UART5_RX.4.FIFOMode=DMA_FIFOMODE_DISABLE
Dma.UART5_RX.4.Instance=DMA1_Stream0
Dma.UART5_RX.4.MemDataAlignment=DMA_MDATAALIGN_BYTE
Dma.UART5_RX.4.MemInc=DMA_MINC_ENABLE
Dma.UART5_RX.4.Mode=DMA_CIRCULAR
Dma.UART5_RX.4.PeriphDataAlignment=DMA_PDATAALIGN_BYTE
Dma.UART5_RX.4.PeriphInc=DMA_PINC_DISABLE
Dma.UART5_RX.4.Priority=DMA_PRIORITY_HIGH
Dma.UART5_RX.4.RequestParameters=Instance,Direction,PeriphInc,MemInc,PeriphDataAlignment,MemDataAlignment,Mode,Priority,FIFOMode
Dma.UART5_TX.5.Direction=DMA_MEMORY_TO_PERIPH
Dma.UART5_TX.5.FIFOMode=DMA_FIFOMODE_DISABLE
Dma.UART5_TX.5.Instance=DMA1_Stream7
Dma.UART5_TX.5.MemDataAlignment=DMA_MDATAALIGN_BYTE
Dma.UART5_TX.5.MemInc=DMA_MINC_ENABLE
Dma.UART5_TX.5.Mode=DMA_NORMAL
Dma.UART5_TX.5.PeriphDataAlignment=DMA_PDATAALIGN_BYTE
Dma.UART5_TX.5.PeriphInc=DMA_PINC_DISABLE
Dma.UART5_TX.5.Priority=DMA_PRIORITY_VERY_HIGH
Dma.UART5_TX.5.RequestParameters=Instance,Direction,PeriphInc,MemInc,PeriphDataAlignment,MemDataAlignment,Mode,Priority,FIFOMode
Dma.USART2_RX.2.Direction=DMA_PERIPH_TO_MEMORY
Dma.USART2_RX.2.FIFOMode=DMA_FIFOMODE_DISABLE
Dma.USART2_RX.2.Instance=DMA1_Stream5
Dma.USART2_RX.2.MemDataAlignment=DMA_MDATAALIGN_BYTE
Dma.USART2_RX.2.MemInc=DMA_MINC_ENABLE
Dma.USART2_RX.2.Mode=DMA_CIRCULAR
Dma.USART2_RX.2.PeriphDataAlignment=DMA_PDATAALIGN_BYTE
Dma.USART2_RX.2.PeriphInc=DMA_PINC_DISABLE
Dma.USART2_RX.2.Priority=DMA_PRIORITY_HIGH
Dma.USART2_RX.2.RequestParameters=Instance,Direction,PeriphInc,MemInc,PeriphDataAlignment,MemDataAlignment,Mode,Priority,FIFOMode
Dma.USART2_TX.3.Direction=DMA_MEMORY_TO_PERIPH
Dma.USART2_TX.3.FIFOMode=DMA_FIFOMODE_DISABLE
Dma.USART2_TX.3.Instance=DMA1_Stream6
Dma.USART2_TX.3.MemDataAlignment=DMA_MDATAALIGN_BYTE
Dma.USART2_TX.3.MemInc=DMA_MINC_ENABLE
Dma.USART2_TX.3.Mode=DMA_NORMAL
Dma.USART2_TX.3.PeriphDataAlignment=DMA_PDATAALIGN_BYTE
Dma.USART2_TX.3.PeriphInc=DMA_PINC_DISABLE
Dma.USART2_TX.3.Priority=DMA_PRIORITY_MEDIUM
Dma.USART2_TX.3.RequestParameters=Instance,Direction,PeriphInc,MemInc,PeriphDataAlignment,MemDataAlignment,Mode,Priority,FIFOMode
Dma.USART3_RX.1.Direction=DMA_PERIPH_TO_MEMORY
Dma.USART3_RX.1.FIFOMode=DMA_FIFOMODE_DISABLE
Dma.USART3_RX.1.Instance=DMA1_Stream1
Dma.USART3_RX.1.MemDataAlignment=DMA_MDATAALIGN_BYTE
Dma.USART3_RX.1.MemInc=DMA_MINC_ENABLE
Dma.USART3_RX.1.Mode=DMA_CIRCULAR
Dma.USART3_RX.1.PeriphDataAlignment=DMA_PDATAALIGN_BYTE
Dma.USART3_RX.1.PeriphInc=DMA_PINC_DISABLE
Dma.USART3_RX.1.Priority=DMA_PRIORITY_LOW
Dma.USART3_RX.1.RequestParameters=Instance,Direction,PeriphInc,MemInc,PeriphDataAlignment,MemDataAlignment,Mode,Priority,FIFOMode
Dma.USART3_TX.0.Direction=DMA_MEMORY_TO_PERIPH
Dma.USART3_TX.0.FIFOMode=DMA_FIFOMODE_DISABLE
Dma.USART3_TX.0.Instance=DMA1_Stream3
Dma.USART3_TX.0.MemDataAlignment=DMA_MDATAALIGN_BYTE
Dma.USART3_TX.0.MemInc=DMA_MINC_ENABLE
Dma.USART3_TX.0.Mode=DMA_NORMAL
Dma.USART3_TX.0.PeriphDataAlignment=DMA_PDATAALIGN_BYTE
Dma.USART3_TX.0.PeriphInc=DMA_PINC_DISABLE
Dma.USART3_TX.0.Priority=DMA_PRIORITY_LOW
Dma.USART3_TX.0.RequestParameters=Instance,Direction,PeriphInc,MemInc,PeriphDataAlignment,MemDataAlignment,Mode,Priority,FIFOMode
FREERTOS.BinarySemaphores01=Sem_LED,Dynamic,NULL,Depleted;Sem_Dcc,Dynamic,NULL,Depleted;Sem_TaskChange,Dynamic,NULL,Depleted;Sem_Init,Dynamic,NULL,Depleted;Sem_ReadyToggle,Dynamic,NULL,Depleted
FREERTOS.FootprintOK=true
FREERTOS.IPParameters=Tasks01,FootprintOK,BinarySemaphores01,Mutexes01
FREERTOS.Mutexes01=PcMutex,Dynamic,NULL,Available
FREERTOS.Tasks01=defaultTask,8,128,StartDefaultTask,Default,NULL,Dynamic,NULL,NULL;GpioTask,8,128,StartGpioTask,As external,NULL,Dynamic,NULL,NULL;KeyTask,8,128,StartKeyTask,As external,NULL,Dynamic,NULL,NULL;OledTask,8,128,StartOledTask,As external,NULL,Dynamic,NULL,NULL;TestTask,40,128,StartTestTask,As external,NULL,Dynamic,NULL,NULL;StepperTask,48,1024,StartStepperTask,As external,NULL,Dynamic,NULL,NULL;DccTask,48,128,StartDccTask,As external,NULL,Dynamic,NULL,NULL;InitTask,55,256,StartInitTask,As external,NULL,Dynamic,NULL,NULL
File.Version=6
GPIO.groupedBy=Group By Peripherals
I2C2.I2C_Mode=I2C_Fast
I2C2.IPParameters=I2C_Mode
KeepUserPlacement=false
Mcu.CPN=STM32F407ZGT6
Mcu.Family=STM32F4
Mcu.IP0=ADC1
Mcu.IP1=DMA
Mcu.IP10=UART4
Mcu.IP11=UART5
Mcu.IP12=USART2
Mcu.IP13=USART3
Mcu.IP2=FREERTOS
Mcu.IP3=I2C2
Mcu.IP4=NVIC
Mcu.IP5=RCC
Mcu.IP6=SYS
Mcu.IP7=TIM2
Mcu.IP8=TIM3
Mcu.IP9=TIM4
Mcu.IPNb=14
Mcu.Name=STM32F407Z(E-G)Tx
Mcu.Package=LQFP144
Mcu.Pin0=PE2
Mcu.Pin1=PE3
Mcu.Pin10=PF12
Mcu.Pin11=PG0
Mcu.Pin12=PG1
Mcu.Pin13=PE7
Mcu.Pin14=PE8
Mcu.Pin15=PE9
Mcu.Pin16=PE10
Mcu.Pin17=PB10
Mcu.Pin18=PB11
Mcu.Pin19=PD12
Mcu.Pin2=PF0
Mcu.Pin20=PD13
Mcu.Pin21=PG2
Mcu.Pin22=PG3
Mcu.Pin23=PG4
Mcu.Pin24=PG5
Mcu.Pin25=PG6
Mcu.Pin26=PG7
Mcu.Pin27=PG8
Mcu.Pin28=PA13
Mcu.Pin29=PA14
Mcu.Pin3=PF1
Mcu.Pin30=PA15
Mcu.Pin31=PC10
Mcu.Pin32=PC12
Mcu.Pin33=PD2
Mcu.Pin34=PD5
Mcu.Pin35=PD6
Mcu.Pin36=PG9
Mcu.Pin37=PG10
Mcu.Pin38=PG11
Mcu.Pin39=PG12
Mcu.Pin4=PF10
Mcu.Pin40=PG13
Mcu.Pin41=PG14
Mcu.Pin42=PB3
Mcu.Pin43=PB4
Mcu.Pin44=PB5
Mcu.Pin45=VP_FREERTOS_VS_CMSIS_V2
Mcu.Pin46=VP_SYS_VS_tim6
Mcu.Pin47=VP_TIM4_VS_ClockSourceINT
Mcu.Pin5=PH0-OSC_IN
Mcu.Pin6=PH1-OSC_OUT
Mcu.Pin7=PA1
Mcu.Pin8=PA2
Mcu.Pin9=PF11
Mcu.PinsNb=48
Mcu.ThirdPartyNb=0
Mcu.UserConstants=
Mcu.UserName=STM32F407ZGTx
MxCube.Version=6.15.0
MxDb.Version=DB.6.0.150
NVIC.BusFault_IRQn=true\:0\:0\:false\:false\:true\:false\:false\:false\:false
NVIC.DMA1_Stream0_IRQn=true\:5\:0\:false\:false\:true\:true\:false\:true\:true
NVIC.DMA1_Stream1_IRQn=true\:5\:0\:false\:false\:true\:true\:false\:true\:true
NVIC.DMA1_Stream2_IRQn=true\:5\:0\:false\:false\:true\:true\:false\:true\:true
NVIC.DMA1_Stream3_IRQn=true\:5\:0\:false\:false\:true\:true\:false\:true\:true
NVIC.DMA1_Stream5_IRQn=true\:5\:0\:false\:false\:true\:true\:false\:true\:true
NVIC.DMA1_Stream6_IRQn=true\:5\:0\:false\:false\:true\:true\:false\:true\:true
NVIC.DMA1_Stream7_IRQn=true\:5\:0\:false\:false\:true\:true\:false\:true\:true
NVIC.DebugMonitor_IRQn=true\:0\:0\:false\:false\:true\:false\:false\:false\:false
NVIC.ForceEnableDMAVector=true
NVIC.HardFault_IRQn=true\:0\:0\:false\:false\:true\:false\:false\:false\:false
NVIC.I2C2_ER_IRQn=true\:5\:0\:false\:false\:true\:true\:true\:true\:true
NVIC.I2C2_EV_IRQn=true\:5\:0\:false\:false\:true\:true\:true\:true\:true
NVIC.MemoryManagement_IRQn=true\:0\:0\:false\:false\:true\:false\:false\:false\:false
NVIC.NonMaskableInt_IRQn=true\:0\:0\:false\:false\:true\:false\:false\:false\:false
NVIC.PendSV_IRQn=true\:15\:0\:false\:false\:false\:true\:false\:false\:false
NVIC.PriorityGroup=NVIC_PRIORITYGROUP_4
NVIC.SVCall_IRQn=true\:0\:0\:false\:false\:false\:false\:false\:false\:false
NVIC.SavedPendsvIrqHandlerGenerated=true
NVIC.SavedSvcallIrqHandlerGenerated=true
NVIC.SavedSystickIrqHandlerGenerated=true
NVIC.SysTick_IRQn=true\:15\:0\:false\:false\:false\:true\:false\:true\:false
NVIC.TIM6_DAC_IRQn=true\:15\:0\:false\:false\:true\:false\:false\:true\:true
NVIC.TimeBase=TIM6_DAC_IRQn
NVIC.TimeBaseIP=TIM6
NVIC.UART4_IRQn=true\:5\:0\:false\:false\:true\:true\:true\:true\:true
NVIC.UART5_IRQn=true\:5\:0\:false\:false\:true\:true\:true\:true\:true
NVIC.USART3_IRQn=true\:5\:0\:false\:false\:true\:true\:true\:true\:true
NVIC.UsageFault_IRQn=true\:0\:0\:false\:false\:true\:false\:false\:false\:false
PA1.Locked=true
PA1.Mode=Asynchronous
PA1.Signal=UART4_RX
PA13.Mode=Serial_Wire
PA13.Signal=SYS_JTMS-SWDIO
PA14.Mode=Serial_Wire
PA14.Signal=SYS_JTCK-SWCLK
PA15.GPIOParameters=GPIO_PuPd
PA15.GPIO_PuPd=GPIO_PULLUP
PA15.Locked=true
PA15.Signal=S_TIM2_CH1_ETR
PA2.Signal=ADCx_IN2
PB10.Mode=Asynchronous
PB10.Signal=USART3_TX
PB11.Mode=Asynchronous
PB11.Signal=USART3_RX
PB3.GPIOParameters=GPIO_PuPd
PB3.GPIO_PuPd=GPIO_PULLUP
PB3.Locked=true
PB3.Signal=S_TIM2_CH2
PB4.GPIOParameters=GPIO_PuPd
PB4.GPIO_PuPd=GPIO_PULLUP
PB4.Locked=true
PB4.Signal=S_TIM3_CH1
PB5.GPIOParameters=GPIO_PuPd
PB5.GPIO_PuPd=GPIO_PULLUP
PB5.Locked=true
PB5.Signal=S_TIM3_CH2
PC10.Locked=true
PC10.Mode=Asynchronous
PC10.Signal=UART4_TX
PC12.Mode=Asynchronous
PC12.Signal=UART5_TX
PD12.Signal=S_TIM4_CH1
PD13.Signal=S_TIM4_CH2
PD2.Mode=Asynchronous
PD2.Signal=UART5_RX
PD5.Locked=true
PD5.Mode=Asynchronous
PD5.Signal=USART2_TX
PD6.Locked=true
PD6.Mode=Asynchronous
PD6.Signal=USART2_RX
PE10.GPIOParameters=GPIO_Label
PE10.GPIO_Label=BIN2
PE10.Locked=true
PE10.Signal=GPIO_Output
PE2.GPIOParameters=GPIO_Label
PE2.GPIO_Label=Laser
PE2.Locked=true
PE2.Signal=GPIO_Output
PE3.GPIOParameters=GPIO_Label
PE3.GPIO_Label=Buzzer
PE3.Locked=true
PE3.Signal=GPIO_Output
PE7.GPIOParameters=PinState,GPIO_Label
PE7.GPIO_Label=AIN1
PE7.Locked=true
PE7.PinState=GPIO_PIN_SET
PE7.Signal=GPIO_Output
PE8.GPIOParameters=GPIO_Label
PE8.GPIO_Label=AIN2
PE8.Locked=true
PE8.Signal=GPIO_Output
PE9.GPIOParameters=PinState,GPIO_Label
PE9.GPIO_Label=BIN1
PE9.Locked=true
PE9.PinState=GPIO_PIN_SET
PE9.Signal=GPIO_Output
PF0.Mode=I2C
PF0.Signal=I2C2_SDA
PF1.Mode=I2C
PF1.Signal=I2C2_SCL
PF10.GPIOParameters=GPIO_Label
PF10.GPIO_Label=LED_RED
PF10.Locked=true
PF10.Signal=GPIO_Output
PF11.GPIOParameters=GPIO_Label
PF11.GPIO_Label=LED_GREEN
PF11.Locked=true
PF11.Signal=GPIO_Output
PF12.GPIOParameters=GPIO_Label
PF12.GPIO_Label=LED_YELLOW
PF12.Locked=true
PF12.Signal=GPIO_Output
PG0.GPIOParameters=GPIO_Label
PG0.GPIO_Label=Sensor_1
PG0.Locked=true
PG0.Signal=GPIO_Input
PG1.GPIOParameters=GPIO_Label
PG1.GPIO_Label=Sensor_2
PG1.Locked=true
PG1.Signal=GPIO_Input
PG10.GPIOParameters=GPIO_Label
PG10.GPIO_Label=Sensor_8
PG10.Locked=true
PG10.Signal=GPIO_Input
PG11.GPIOParameters=GPIO_Label
PG11.GPIO_Label=Sensor_9
PG11.Locked=true
PG11.Signal=GPIO_Input
PG12.GPIOParameters=GPIO_Label
PG12.GPIO_Label=Sensor_10
PG12.Locked=true
PG12.Signal=GPIO_Input
PG13.GPIOParameters=GPIO_Label
PG13.GPIO_Label=Sensor_11
PG13.Locked=true
PG13.Signal=GPIO_Input
PG14.GPIOParameters=GPIO_Label
PG14.GPIO_Label=Sensor_12
PG14.Locked=true
PG14.Signal=GPIO_Input
PG2.GPIOParameters=GPIO_PuPd,GPIO_Label
PG2.GPIO_Label=KEY_1
PG2.GPIO_PuPd=GPIO_PULLUP
PG2.Locked=true
PG2.Signal=GPIO_Input
PG3.GPIOParameters=GPIO_PuPd,GPIO_Label
PG3.GPIO_Label=KEY_2
PG3.GPIO_PuPd=GPIO_PULLUP
PG3.Locked=true
PG3.Signal=GPIO_Input
PG4.GPIOParameters=GPIO_PuPd,GPIO_Label
PG4.GPIO_Label=KEY_3
PG4.GPIO_PuPd=GPIO_PULLUP
PG4.Locked=true
PG4.Signal=GPIO_Input
PG5.GPIOParameters=GPIO_Label
PG5.GPIO_Label=Sensor_3
PG5.Locked=true
PG5.Signal=GPIO_Input
PG6.GPIOParameters=GPIO_Label
PG6.GPIO_Label=Sensor_4
PG6.Locked=true
PG6.Signal=GPIO_Input
PG7.GPIOParameters=GPIO_Label
PG7.GPIO_Label=Sensor_5
PG7.Locked=true
PG7.Signal=GPIO_Input
PG8.GPIOParameters=GPIO_Label
PG8.GPIO_Label=Sensor_6
PG8.Locked=true
PG8.Signal=GPIO_Input
PG9.GPIOParameters=GPIO_Label
PG9.GPIO_Label=Sensor_7
PG9.Locked=true
PG9.Signal=GPIO_Input
PH0-OSC_IN.Mode=HSE-External-Oscillator
PH0-OSC_IN.Signal=RCC_OSC_IN
PH1-OSC_OUT.Mode=HSE-External-Oscillator
PH1-OSC_OUT.Signal=RCC_OSC_OUT
PinOutPanel.RotationAngle=0
ProjectManager.AskForMigrate=true
ProjectManager.BackupPrevious=false
ProjectManager.CompilerLinker=GCC
ProjectManager.CompilerOptimize=6
ProjectManager.ComputerToolchain=false
ProjectManager.CoupleFile=true
ProjectManager.CustomerFirmwarePackage=
ProjectManager.DefaultFWLocation=true
ProjectManager.DeletePrevious=true
ProjectManager.DeviceId=STM32F407ZGTx
ProjectManager.FirmwarePackage=STM32Cube FW_F4 V1.28.3
ProjectManager.FreePins=false
ProjectManager.HalAssertFull=false
ProjectManager.HeapSize=0x200
ProjectManager.KeepUserCode=true
ProjectManager.LastFirmware=true
ProjectManager.LibraryCopy=0
ProjectManager.MainLocation=Core/Src
ProjectManager.NoMain=false
ProjectManager.PreviousToolchain=
ProjectManager.ProjectBuild=false
ProjectManager.ProjectFileName=FInal_graduate_work.ioc
ProjectManager.ProjectName=FInal_graduate_work
ProjectManager.ProjectStructure=
ProjectManager.RegisterCallBack=
ProjectManager.StackSize=0x400
ProjectManager.TargetToolchain=CMake
ProjectManager.ToolChainLocation=
ProjectManager.UAScriptAfterPath=
ProjectManager.UAScriptBeforePath=
ProjectManager.UnderRoot=false
ProjectManager.functionlistsort=1-SystemClock_Config-RCC-false-HAL-false,2-MX_GPIO_Init-GPIO-false-HAL-true,3-MX_DMA_Init-DMA-false-HAL-true,4-MX_USART3_UART_Init-USART3-false-HAL-true,5-MX_ADC1_Init-ADC1-false-HAL-true,6-MX_USART2_UART_Init-USART2-false-HAL-true,7-MX_TIM4_Init-TIM4-false-HAL-true,8-MX_UART5_Init-UART5-false-HAL-true,9-MX_TIM2_Init-TIM2-false-HAL-true,10-MX_TIM3_Init-TIM3-false-HAL-true,11-MX_I2C2_Init-I2C2-false-HAL-true,12-MX_UART4_Init-UART4-false-HAL-true
RCC.48MHZClocksFreq_Value=84000000
RCC.AHBFreq_Value=168000000
RCC.APB1CLKDivider=RCC_HCLK_DIV4
RCC.APB1Freq_Value=42000000
RCC.APB1TimFreq_Value=84000000
RCC.APB2CLKDivider=RCC_HCLK_DIV2
RCC.APB2Freq_Value=84000000
RCC.APB2TimFreq_Value=168000000
RCC.CortexFreq_Value=168000000
RCC.EthernetFreq_Value=168000000
RCC.FCLKCortexFreq_Value=168000000
RCC.FamilyName=M
RCC.HCLKFreq_Value=168000000
RCC.HSE_VALUE=25000000
RCC.HSI_VALUE=16000000
RCC.I2SClocksFreq_Value=192000000
RCC.IPParameters=48MHZClocksFreq_Value,AHBFreq_Value,APB1CLKDivider,APB1Freq_Value,APB1TimFreq_Value,APB2CLKDivider,APB2Freq_Value,APB2TimFreq_Value,CortexFreq_Value,EthernetFreq_Value,FCLKCortexFreq_Value,FamilyName,HCLKFreq_Value,HSE_VALUE,HSI_VALUE,I2SClocksFreq_Value,LSE_VALUE,LSI_VALUE,MCO2PinFreq_Value,PLLCLKFreq_Value,PLLM,PLLN,PLLQCLKFreq_Value,RTCFreq_Value,RTCHSEDivFreq_Value,SYSCLKFreq_VALUE,SYSCLKSource,VCOI2SOutputFreq_Value,VCOInputFreq_Value,VCOOutputFreq_Value,VcooutputI2S
RCC.LSE_VALUE=32768
RCC.LSI_VALUE=32000
RCC.MCO2PinFreq_Value=168000000
RCC.PLLCLKFreq_Value=168000000
RCC.PLLM=8
RCC.PLLN=168
RCC.PLLQCLKFreq_Value=84000000
RCC.RTCFreq_Value=32000
RCC.RTCHSEDivFreq_Value=12500000
RCC.SYSCLKFreq_VALUE=168000000
RCC.SYSCLKSource=RCC_SYSCLKSOURCE_PLLCLK
RCC.VCOI2SOutputFreq_Value=384000000
RCC.VCOInputFreq_Value=2000000
RCC.VCOOutputFreq_Value=336000000
RCC.VcooutputI2S=192000000
SH.ADCx_IN2.0=ADC1_IN2,IN2
SH.ADCx_IN2.ConfNb=1
SH.S_TIM2_CH1_ETR.0=TIM2_CH1,Encoder_Interface
SH.S_TIM2_CH1_ETR.ConfNb=1
SH.S_TIM2_CH2.0=TIM2_CH2,Encoder_Interface
SH.S_TIM2_CH2.ConfNb=1
SH.S_TIM3_CH1.0=TIM3_CH1,Encoder_Interface
SH.S_TIM3_CH1.ConfNb=1
SH.S_TIM3_CH2.0=TIM3_CH2,Encoder_Interface
SH.S_TIM3_CH2.ConfNb=1
SH.S_TIM4_CH1.0=TIM4_CH1,PWM Generation1 CH1
SH.S_TIM4_CH1.ConfNb=1
SH.S_TIM4_CH2.0=TIM4_CH2,PWM Generation2 CH2
SH.S_TIM4_CH2.ConfNb=1
TIM2.EncoderMode=TIM_ENCODERMODE_TI12
TIM2.IC1Filter=10
TIM2.IC2Filter=10
TIM2.IPParameters=EncoderMode,IC1Filter,IC2Filter
TIM3.EncoderMode=TIM_ENCODERMODE_TI12
TIM3.IC1Filter=10
TIM3.IPParameters=EncoderMode,IC1Filter
TIM4.AutoReloadPreload=TIM_AUTORELOAD_PRELOAD_ENABLE
TIM4.Channel-PWM\ Generation1\ CH1=TIM_CHANNEL_1
TIM4.Channel-PWM\ Generation2\ CH2=TIM_CHANNEL_2
TIM4.IPParameters=Channel-PWM Generation1 CH1,Channel-PWM Generation2 CH2,Prescaler,Period,AutoReloadPreload
TIM4.Period=999
TIM4.Prescaler=3
UART4.BaudRate=115200
UART4.IPParameters=VirtualMode,BaudRate
UART4.VirtualMode=Asynchronous
UART5.IPParameters=VirtualMode
UART5.VirtualMode=Asynchronous
USART2.IPParameters=VirtualMode
USART2.VirtualMode=VM_ASYNC
USART3.IPParameters=VirtualMode
USART3.VirtualMode=VM_ASYNC
VP_FREERTOS_VS_CMSIS_V2.Mode=CMSIS_V2
VP_FREERTOS_VS_CMSIS_V2.Signal=FREERTOS_VS_CMSIS_V2
VP_SYS_VS_tim6.Mode=TIM6
VP_SYS_VS_tim6.Signal=SYS_VS_tim6
VP_TIM4_VS_ClockSourceINT.Mode=Internal
VP_TIM4_VS_ClockSourceINT.Signal=TIM4_VS_ClockSourceINT
board=custom
rtos.0.ip=FREERTOS
